{
  "pins" : [
    {
      "identity" : "external-package",
      "kind" : "remoteSourceControl",
      "location" : "https://github.com/jzwc/external-package.git",
      "state" : {
        "branch" : "main",
        "revision" : "d75c156a2e93d6a844540c1dcacd8053ddc5272b"
      }
    }
  ],
  "version" : 2
}
